// !$*UTF8*$!
{
	archiveVersion = 1;
	classes = {
	};
	objectVersion = 56;
	objects = {

/* Begin PBXBuildFile section */
		423959622A1A1C8900A70269 /* TimerApp.swift in Sources */ = {isa = PBXBuildFile; fileRef = 423959612A1A1C8900A70269 /* TimerApp.swift */; };
		423959642A1A1C8900A70269 /* ContentView.swift in Sources */ = {isa = PBXBuildFile; fileRef = 423959632A1A1C8900A70269 /* ContentView.swift */; };
		423959662A1A1C8A00A70269 /* Assets.xcassets in Resources */ = {isa = PBXBuildFile; fileRef = 423959652A1A1C8A00A70269 /* Assets.xcassets */; };
		4239596A2A1A1C8A00A70269 /* Preview Assets.xcassets in Resources */ = {isa = PBXBuildFile; fileRef = 423959692A1A1C8A00A70269 /* Preview Assets.xcassets */; };
		423959742A1A1C8A00A70269 /* TimerTests.swift in Sources */ = {isa = PBXBuildFile; fileRef = 423959732A1A1C8A00A70269 /* TimerTests.swift */; };
		4239597E2A1A1C8A00A70269 /* TimerUITests.swift in Sources */ = {isa = PBXBuildFile; fileRef = 4239597D2A1A1C8A00A70269 /* TimerUITests.swift */; };
		423959802A1A1C8A00A70269 /* TimerUITestsLaunchTests.swift in Sources */ = {isa = PBXBuildFile; fileRef = 4239597F2A1A1C8A00A70269 /* TimerUITestsLaunchTests.swift */; };
		4239598D2A1A313B00A70269 /* TimerViewModel.swift in Sources */ = {isa = PBXBuildFile; fileRef = 4239598C2A1A313B00A70269 /* TimerViewModel.swift */; };
		423959902A1B578300A70269 /* AS+Float.swift in Sources */ = {isa = PBXBuildFile; fileRef = 4239598F2A1B578300A70269 /* AS+Float.swift */; };
		423959952A1B77A200A70269 /* AS+UserDefaults.swift in Sources */ = {isa = PBXBuildFile; fileRef = 423959942A1B77A200A70269 /* AS+UserDefaults.swift */; };
		423959972A1B78EF00A70269 /* AppState.swift in Sources */ = {isa = PBXBuildFile; fileRef = 423959962A1B78EF00A70269 /* AppState.swift */; };
		423959992A1B7CA100A70269 /* AS+Date.swift in Sources */ = {isa = PBXBuildFile; fileRef = 423959982A1B7CA100A70269 /* AS+Date.swift */; };
/* End PBXBuildFile section */

/* Begin PBXContainerItemProxy section */
		423959702A1A1C8A00A70269 /* PBXContainerItemProxy */ = {
			isa = PBXContainerItemProxy;
			containerPortal = 423959562A1A1C8900A70269 /* Project object */;
			proxyType = 1;
			remoteGlobalIDString = 4239595D2A1A1C8900A70269;
			remoteInfo = Timer;
		};
		4239597A2A1A1C8A00A70269 /* PBXContainerItemProxy */ = {
			isa = PBXContainerItemProxy;
			containerPortal = 423959562A1A1C8900A70269 /* Project object */;
			proxyType = 1;
			remoteGlobalIDString = 4239595D2A1A1C8900A70269;
			remoteInfo = Timer;
		};
/* End PBXContainerItemProxy section */

/* Begin PBXFileReference section */
		4239595E2A1A1C8900A70269 /* Timer.app */ = {isa = PBXFileReference; explicitFileType = wrapper.application; includeInIndex = 0; path = Timer.app; sourceTree = BUILT_PRODUCTS_DIR; };
		423959612A1A1C8900A70269 /* TimerApp.swift */ = {isa = PBXFileReference; lastKnownFileType = sourcecode.swift; path = TimerApp.swift; sourceTree = "<group>"; };
		423959632A1A1C8900A70269 /* ContentView.swift */ = {isa = PBXFileReference; lastKnownFileType = sourcecode.swift; path = ContentView.swift; sourceTree = "<group>"; };
		423959652A1A1C8A00A70269 /* Assets.xcassets */ = {isa = PBXFileReference; lastKnownFileType = folder.assetcatalog; path = Assets.xcassets; sourceTree = "<group>"; };
		423959672A1A1C8A00A70269 /* Timer.entitlements */ = {isa = PBXFileReference; lastKnownFileType = text.plist.entitlements; path = Timer.entitlements; sourceTree = "<group>"; };
		423959692A1A1C8A00A70269 /* Preview Assets.xcassets */ = {isa = PBXFileReference; lastKnownFileType = folder.assetcatalog; path = "Preview Assets.xcassets"; sourceTree = "<group>"; };
		4239596F2A1A1C8A00A70269 /* TimerTests.xctest */ = {isa = PBXFileReference; explicitFileType = wrapper.cfbundle; includeInIndex = 0; path = TimerTests.xctest; sourceTree = BUILT_PRODUCTS_DIR; };
		423959732A1A1C8A00A70269 /* TimerTests.swift */ = {isa = PBXFileReference; lastKnownFileType = sourcecode.swift; path = TimerTests.swift; sourceTree = "<group>"; };
		423959792A1A1C8A00A70269 /* TimerUITests.xctest */ = {isa = PBXFileReference; explicitFileType = wrapper.cfbundle; includeInIndex = 0; path = TimerUITests.xctest; sourceTree = BUILT_PRODUCTS_DIR; };
		4239597D2A1A1C8A00A70269 /* TimerUITests.swift */ = {isa = PBXFileReference; lastKnownFileType = sourcecode.swift; path = TimerUITests.swift; sourceTree = "<group>"; };
		4239597F2A1A1C8A00A70269 /* TimerUITestsLaunchTests.swift */ = {isa = PBXFileReference; lastKnownFileType = sourcecode.swift; path = TimerUITestsLaunchTests.swift; sourceTree = "<group>"; };
		4239598C2A1A313B00A70269 /* TimerViewModel.swift */ = {isa = PBXFileReference; lastKnownFileType = sourcecode.swift; path = TimerViewModel.swift; sourceTree = "<group>"; };
		4239598E2A1A415300A70269 /* MyPlayground.playground */ = {isa = PBXFileReference; lastKnownFileType = file.playground; path = MyPlayground.playground; sourceTree = "<group>"; xcLanguageSpecificationIdentifier = xcode.lang.swift; };
		4239598F2A1B578300A70269 /* AS+Float.swift */ = {isa = PBXFileReference; lastKnownFileType = sourcecode.swift; path = "AS+Float.swift"; sourceTree = "<group>"; };
		423959942A1B77A200A70269 /* AS+UserDefaults.swift */ = {isa = PBXFileReference; lastKnownFileType = sourcecode.swift; path = "AS+UserDefaults.swift"; sourceTree = "<group>"; };
		423959962A1B78EF00A70269 /* AppState.swift */ = {isa = PBXFileReference; lastKnownFileType = sourcecode.swift; path = AppState.swift; sourceTree = "<group>"; };
		423959982A1B7CA100A70269 /* AS+Date.swift */ = {isa = PBXFileReference; lastKnownFileType = sourcecode.swift; path = "AS+Date.swift"; sourceTree = "<group>"; };
/* End PBXFileReference section */

/* Begin PBXFrameworksBuildPhase section */
		4239595B2A1A1C8900A70269 /* Frameworks */ = {
			isa = PBXFrameworksBuildPhase;
			buildActionMask = 2147483647;
			files = (
			);
			runOnlyForDeploymentPostprocessing = 0;
		};
		4239596C2A1A1C8A00A70269 /* Frameworks */ = {
			isa = PBXFrameworksBuildPhase;
			buildActionMask = 2147483647;
			files = (
			);
			runOnlyForDeploymentPostprocessing = 0;
		};
		423959762A1A1C8A00A70269 /* Frameworks */ = {
			isa = PBXFrameworksBuildPhase;
			buildActionMask = 2147483647;
			files = (
			);
			runOnlyForDeploymentPostprocessing = 0;
		};
/* End PBXFrameworksBuildPhase section */

/* Begin PBXGroup section */
		423959552A1A1C8900A70269 = {
			isa = PBXGroup;
			children = (
				423959602A1A1C8900A70269 /* Timer */,
				423959722A1A1C8A00A70269 /* TimerTests */,
				4239597C2A1A1C8A00A70269 /* TimerUITests */,
				4239595F2A1A1C8900A70269 /* Products */,
			);
			sourceTree = "<group>";
		};
		4239595F2A1A1C8900A70269 /* Products */ = {
			isa = PBXGroup;
			children = (
				4239595E2A1A1C8900A70269 /* Timer.app */,
				4239596F2A1A1C8A00A70269 /* TimerTests.xctest */,
				423959792A1A1C8A00A70269 /* TimerUITests.xctest */,
			);
			name = Products;
			sourceTree = "<group>";
		};
		423959602A1A1C8900A70269 /* Timer */ = {
			isa = PBXGroup;
			children = (
				423959612A1A1C8900A70269 /* TimerApp.swift */,
				423959962A1B78EF00A70269 /* AppState.swift */,
				423959932A1B57AF00A70269 /* Views */,
				423959922A1B57A000A70269 /* ViewModel */,
				423959912A1B579200A70269 /* Extension */,
				423959652A1A1C8A00A70269 /* Assets.xcassets */,
				423959672A1A1C8A00A70269 /* Timer.entitlements */,
				423959682A1A1C8A00A70269 /* Preview Content */,
				4239598E2A1A415300A70269 /* MyPlayground.playground */,
			);
			path = Timer;
			sourceTree = "<group>";
		};
		423959682A1A1C8A00A70269 /* Preview Content */ = {
			isa = PBXGroup;
			children = (
				423959692A1A1C8A00A70269 /* Preview Assets.xcassets */,
			);
			path = "Preview Content";
			sourceTree = "<group>";
		};
		423959722A1A1C8A00A70269 /* TimerTests */ = {
			isa = PBXGroup;
			children = (
				423959732A1A1C8A00A70269 /* TimerTests.swift */,
			);
			path = TimerTests;
			sourceTree = "<group>";
		};
		4239597C2A1A1C8A00A70269 /* TimerUITests */ = {
			isa = PBXGroup;
			children = (
				4239597D2A1A1C8A00A70269 /* TimerUITests.swift */,
				4239597F2A1A1C8A00A70269 /* TimerUITestsLaunchTests.swift */,
			);
			path = TimerUITests;
			sourceTree = "<group>";
		};
		423959912A1B579200A70269 /* Extension */ = {
			isa = PBXGroup;
			children = (
				4239598F2A1B578300A70269 /* AS+Float.swift */,
				423959942A1B77A200A70269 /* AS+UserDefaults.swift */,
				423959982A1B7CA100A70269 /* AS+Date.swift */,
			);
			path = Extension;
			sourceTree = "<group>";
		};
		423959922A1B57A000A70269 /* ViewModel */ = {
			isa = PBXGroup;
			children = (
				4239598C2A1A313B00A70269 /* TimerViewModel.swift */,
			);
			path = ViewModel;
			sourceTree = "<group>";
		};
		423959932A1B57AF00A70269 /* Views */ = {
			isa = PBXGroup;
			children = (
				423959632A1A1C8900A70269 /* ContentView.swift */,
			);
			path = Views;
			sourceTree = "<group>";
		};
/* End PBXGroup section */

/* Begin PBXNativeTarget section */
		4239595D2A1A1C8900A70269 /* Timer */ = {
			isa = PBXNativeTarget;
			buildConfigurationList = 423959832A1A1C8A00A70269 /* Build configuration list for PBXNativeTarget "Timer" */;
			buildPhases = (
				4239595A2A1A1C8900A70269 /* Sources */,
				4239595B2A1A1C8900A70269 /* Frameworks */,
				4239595C2A1A1C8900A70269 /* Resources */,
			);
			buildRules = (
			);
			dependencies = (
			);
			name = Timer;
			productName = Timer;
			productReference = 4239595E2A1A1C8900A70269 /* Timer.app */;
			productType = "com.apple.product-type.application";
		};
		4239596E2A1A1C8A00A70269 /* TimerTests */ = {
			isa = PBXNativeTarget;
			buildConfigurationList = 423959862A1A1C8A00A70269 /* Build configuration list for PBXNativeTarget "TimerTests" */;
			buildPhases = (
				4239596B2A1A1C8A00A70269 /* Sources */,
				4239596C2A1A1C8A00A70269 /* Frameworks */,
				4239596D2A1A1C8A00A70269 /* Resources */,
			);
			buildRules = (
			);
			dependencies = (
				423959712A1A1C8A00A70269 /* PBXTargetDependency */,
			);
			name = TimerTests;
			productName = TimerTests;
			productReference = 4239596F2A1A1C8A00A70269 /* TimerTests.xctest */;
			productType = "com.apple.product-type.bundle.unit-test";
		};
		423959782A1A1C8A00A70269 /* TimerUITests */ = {
			isa = PBXNativeTarget;
			buildConfigurationList = 423959892A1A1C8A00A70269 /* Build configuration list for PBXNativeTarget "TimerUITests" */;
			buildPhases = (
				423959752A1A1C8A00A70269 /* Sources */,
				423959762A1A1C8A00A70269 /* Frameworks */,
				423959772A1A1C8A00A70269 /* Resources */,
			);
			buildRules = (
			);
			dependencies = (
				4239597B2A1A1C8A00A70269 /* PBXTargetDependency */,
			);
			name = TimerUITests;
			productName = TimerUITests;
			productReference = 423959792A1A1C8A00A70269 /* TimerUITests.xctest */;
			productType = "com.apple.product-type.bundle.ui-testing";
		};
/* End PBXNativeTarget section */

/* Begin PBXProject section */
		423959562A1A1C8900A70269 /* Project object */ = {
			isa = PBXProject;
			attributes = {
				BuildIndependentTargetsInParallel = 1;
				LastSwiftUpdateCheck = 1430;
				LastUpgradeCheck = 1430;
				TargetAttributes = {
					4239595D2A1A1C8900A70269 = {
						CreatedOnToolsVersion = 14.3;
					};
					4239596E2A1A1C8A00A70269 = {
						CreatedOnToolsVersion = 14.3;
						TestTargetID = 4239595D2A1A1C8900A70269;
					};
					423959782A1A1C8A00A70269 = {
						CreatedOnToolsVersion = 14.3;
						TestTargetID = 4239595D2A1A1C8900A70269;
					};
				};
			};
			buildConfigurationList = 423959592A1A1C8900A70269 /* Build configuration list for PBXProject "Timer" */;
			compatibilityVersion = "Xcode 14.0";
			developmentRegion = en;
			hasScannedForEncodings = 0;
			knownRegions = (
				en,
				Base,
			);
			mainGroup = 423959552A1A1C8900A70269;
			productRefGroup = 4239595F2A1A1C8900A70269 /* Products */;
			projectDirPath = "";
			projectRoot = "";
			targets = (
				4239595D2A1A1C8900A70269 /* Timer */,
				4239596E2A1A1C8A00A70269 /* TimerTests */,
				423959782A1A1C8A00A70269 /* TimerUITests */,
			);
		};
/* End PBXProject section */

/* Begin PBXResourcesBuildPhase section */
		4239595C2A1A1C8900A70269 /* Resources */ = {
			isa = PBXResourcesBuildPhase;
			buildActionMask = 2147483647;
			files = (
				4239596A2A1A1C8A00A70269 /* Preview Assets.xcassets in Resources */,
				423959662A1A1C8A00A70269 /* Assets.xcassets in Resources */,
			);
			runOnlyForDeploymentPostprocessing = 0;
		};
		4239596D2A1A1C8A00A70269 /* Resources */ = {
			isa = PBXResourcesBuildPhase;
			buildActionMask = 2147483647;
			files = (
			);
			runOnlyForDeploymentPostprocessing = 0;
		};
		423959772A1A1C8A00A70269 /* Resources */ = {
			isa = PBXResourcesBuildPhase;
			buildActionMask = 2147483647;
			files = (
			);
			runOnlyForDeploymentPostprocessing = 0;
		};
/* End PBXResourcesBuildPhase section */

/* Begin PBXSourcesBuildPhase section */
		4239595A2A1A1C8900A70269 /* Sources */ = {
			isa = PBXSourcesBuildPhase;
			buildActionMask = 2147483647;
			files = (
				423959952A1B77A200A70269 /* AS+UserDefaults.swift in Sources */,
				423959642A1A1C8900A70269 /* ContentView.swift in Sources */,
				423959992A1B7CA100A70269 /* AS+Date.swift in Sources */,
				423959902A1B578300A70269 /* AS+Float.swift in Sources */,
				423959972A1B78EF00A70269 /* AppState.swift in Sources */,
				4239598D2A1A313B00A70269 /* TimerViewModel.swift in Sources */,
				423959622A1A1C8900A70269 /* TimerApp.swift in Sources */,
			);
			runOnlyForDeploymentPostprocessing = 0;
		};
		4239596B2A1A1C8A00A70269 /* Sources */ = {
			isa = PBXSourcesBuildPhase;
			buildActionMask = 2147483647;
			files = (
				423959742A1A1C8A00A70269 /* TimerTests.swift in Sources */,
			);
			runOnlyForDeploymentPostprocessing = 0;
		};
		423959752A1A1C8A00A70269 /* Sources */ = {
			isa = PBXSourcesBuildPhase;
			buildActionMask = 2147483647;
			files = (
				423959802A1A1C8A00A70269 /* TimerUITestsLaunchTests.swift in Sources */,
				4239597E2A1A1C8A00A70269 /* TimerUITests.swift in Sources */,
			);
			runOnlyForDeploymentPostprocessing = 0;
		};
/* End PBXSourcesBuildPhase section */

/* Begin PBXTargetDependency section */
		423959712A1A1C8A00A70269 /* PBXTargetDependency */ = {
			isa = PBXTargetDependency;
			target = 4239595D2A1A1C8900A70269 /* Timer */;
			targetProxy = 423959702A1A1C8A00A70269 /* PBXContainerItemProxy */;
		};
		4239597B2A1A1C8A00A70269 /* PBXTargetDependency */ = {
			isa = PBXTargetDependency;
			target = 4239595D2A1A1C8900A70269 /* Timer */;
			targetProxy = 4239597A2A1A1C8A00A70269 /* PBXContainerItemProxy */;
		};
/* End PBXTargetDependency section */

/* Begin XCBuildConfiguration section */
		423959812A1A1C8A00A70269 /* Debug */ = {
			isa = XCBuildConfiguration;
			buildSettings = {
				ALWAYS_SEARCH_USER_PATHS = NO;
				CLANG_ANALYZER_NONNULL = YES;
				CLANG_ANALYZER_NUMBER_OBJECT_CONVERSION = YES_AGGRESSIVE;
				CLANG_CXX_LANGUAGE_STANDARD = "gnu++20";
				CLANG_ENABLE_MODULES = YES;
				CLANG_ENABLE_OBJC_ARC = YES;
				CLANG_ENABLE_OBJC_WEAK = YES;
				CLANG_WARN_BLOCK_CAPTURE_AUTORELEASING = YES;
				CLANG_WARN_BOOL_CONVERSION = YES;
				CLANG_WARN_COMMA = YES;
				CLANG_WARN_CONSTANT_CONVERSION = YES;
				CLANG_WARN_DEPRECATED_OBJC_IMPLEMENTATIONS = YES;
				CLANG_WARN_DIRECT_OBJC_ISA_USAGE = YES_ERROR;
				CLANG_WARN_DOCUMENTATION_COMMENTS = YES;
				CLANG_WARN_EMPTY_BODY = YES;
				CLANG_WARN_ENUM_CONVERSION = YES;
				CLANG_WARN_INFINITE_RECURSION = YES;
				CLANG_WARN_INT_CONVERSION = YES;
				CLANG_WARN_NON_LITERAL_NULL_CONVERSION = YES;
				CLANG_WARN_OBJC_IMPLICIT_RETAIN_SELF = YES;
				CLANG_WARN_OBJC_LITERAL_CONVERSION = YES;
				CLANG_WARN_OBJC_ROOT_CLASS = YES_ERROR;
				CLANG_WARN_QUOTED_INCLUDE_IN_FRAMEWORK_HEADER = YES;
				CLANG_WARN_RANGE_LOOP_ANALYSIS = YES;
				CLANG_WARN_STRICT_PROTOTYPES = YES;
				CLANG_WARN_SUSPICIOUS_MOVE = YES;
				CLANG_WARN_UNGUARDED_AVAILABILITY = YES_AGGRESSIVE;
				CLANG_WARN_UNREACHABLE_CODE = YES;
				CLANG_WARN__DUPLICATE_METHOD_MATCH = YES;
				COPY_PHASE_STRIP = NO;
				DEBUG_INFORMATION_FORMAT = dwarf;
				ENABLE_STRICT_OBJC_MSGSEND = YES;
				ENABLE_TESTABILITY = YES;
				GCC_C_LANGUAGE_STANDARD = gnu11;
				GCC_DYNAMIC_NO_PIC = NO;
				GCC_NO_COMMON_BLOCKS = YES;
				GCC_OPTIMIZATION_LEVEL = 0;
				GCC_PREPROCESSOR_DEFINITIONS = (
					"DEBUG=1",
					"$(inherited)",
				);
				GCC_WARN_64_TO_32_BIT_CONVERSION = YES;
				GCC_WARN_ABOUT_RETURN_TYPE = YES_ERROR;
				GCC_WARN_UNDECLARED_SELECTOR = YES;
				GCC_WARN_UNINITIALIZED_AUTOS = YES_AGGRESSIVE;
				GCC_WARN_UNUSED_FUNCTION = YES;
				GCC_WARN_UNUSED_VARIABLE = YES;
				MTL_ENABLE_DEBUG_INFO = INCLUDE_SOURCE;
				MTL_FAST_MATH = YES;
				ONLY_ACTIVE_ARCH = YES;
				SWIFT_ACTIVE_COMPILATION_CONDITIONS = DEBUG;
				SWIFT_OPTIMIZATION_LEVEL = "-Onone";
			};
			name = Debug;
		};
		423959822A1A1C8A00A70269 /* Release */ = {
			isa = XCBuildConfiguration;
			buildSettings = {
				ALWAYS_SEARCH_USER_PATHS = NO;
				CLANG_ANALYZER_NONNULL = YES;
				CLANG_ANALYZER_NUMBER_OBJECT_CONVERSION = YES_AGGRESSIVE;
				CLANG_CXX_LANGUAGE_STANDARD = "gnu++20";
				CLANG_ENABLE_MODULES = YES;
				CLANG_ENABLE_OBJC_ARC = YES;
				CLANG_ENABLE_OBJC_WEAK = YES;
				CLANG_WARN_BLOCK_CAPTURE_AUTORELEASING = YES;
				CLANG_WARN_BOOL_CONVERSION = YES;
				CLANG_WARN_COMMA = YES;
				CLANG_WARN_CONSTANT_CONVERSION = YES;
				CLANG_WARN_DEPRECATED_OBJC_IMPLEMENTATIONS = YES;
				CLANG_WARN_DIRECT_OBJC_ISA_USAGE = YES_ERROR;
				CLANG_WARN_DOCUMENTATION_COMMENTS = YES;
				CLANG_WARN_EMPTY_BODY = YES;
				CLANG_WARN_ENUM_CONVERSION = YES;
				CLANG_WARN_INFINITE_RECURSION = YES;
				CLANG_WARN_INT_CONVERSION = YES;
				CLANG_WARN_NON_LITERAL_NULL_CONVERSION = YES;
				CLANG_WARN_OBJC_IMPLICIT_RETAIN_SELF = YES;
				CLANG_WARN_OBJC_LITERAL_CONVERSION = YES;
				CLANG_WARN_OBJC_ROOT_CLASS = YES_ERROR;
				CLANG_WARN_QUOTED_INCLUDE_IN_FRAMEWORK_HEADER = YES;
				CLANG_WARN_RANGE_LOOP_ANALYSIS = YES;
				CLANG_WARN_STRICT_PROTOTYPES = YES;
				CLANG_WARN_SUSPICIOUS_MOVE = YES;
				CLANG_WARN_UNGUARDED_AVAILABILITY = YES_AGGRESSIVE;
				CLANG_WARN_UNREACHABLE_CODE = YES;
				CLANG_WARN__DUPLICATE_METHOD_MATCH = YES;
				COPY_PHASE_STRIP = NO;
				DEBUG_INFORMATION_FORMAT = "dwarf-with-dsym";
				ENABLE_NS_ASSERTIONS = NO;
				ENABLE_STRICT_OBJC_MSGSEND = YES;
				GCC_C_LANGUAGE_STANDARD = gnu11;
				GCC_NO_COMMON_BLOCKS = YES;
				GCC_WARN_64_TO_32_BIT_CONVERSION = YES;
				GCC_WARN_ABOUT_RETURN_TYPE = YES_ERROR;
				GCC_WARN_UNDECLARED_SELECTOR = YES;
				GCC_WARN_UNINITIALIZED_AUTOS = YES_AGGRESSIVE;
				GCC_WARN_UNUSED_FUNCTION = YES;
				GCC_WARN_UNUSED_VARIABLE = YES;
				MTL_ENABLE_DEBUG_INFO = NO;
				MTL_FAST_MATH = YES;
				SWIFT_COMPILATION_MODE = wholemodule;
				SWIFT_OPTIMIZATION_LEVEL = "-O";
			};
			name = Release;
		};
		423959842A1A1C8A00A70269 /* Debug */ = {
			isa = XCBuildConfiguration;
			buildSettings = {
				ASSETCATALOG_COMPILER_APPICON_NAME = AppIcon;
				ASSETCATALOG_COMPILER_GLOBAL_ACCENT_COLOR_NAME = AccentColor;
				CODE_SIGN_ENTITLEMENTS = Timer/Timer.entitlements;
				CODE_SIGN_STYLE = Automatic;
				CURRENT_PROJECT_VERSION = 1;
				DEVELOPMENT_ASSET_PATHS = "\"Timer/Preview Content\"";
				ENABLE_PREVIEWS = YES;
				GENERATE_INFOPLIST_FILE = YES;
				"INFOPLIST_KEY_UIApplicationSceneManifest_Generation[sdk=iphoneos*]" = YES;
				"INFOPLIST_KEY_UIApplicationSceneManifest_Generation[sdk=iphonesimulator*]" = YES;
				"INFOPLIST_KEY_UIApplicationSupportsIndirectInputEvents[sdk=iphoneos*]" = YES;
				"INFOPLIST_KEY_UIApplicationSupportsIndirectInputEvents[sdk=iphonesimulator*]" = YES;
				"INFOPLIST_KEY_UILaunchScreen_Generation[sdk=iphoneos*]" = YES;
				"INFOPLIST_KEY_UILaunchScreen_Generation[sdk=iphonesimulator*]" = YES;
				"INFOPLIST_KEY_UIStatusBarStyle[sdk=iphoneos*]" = UIStatusBarStyleDefault;
				"INFOPLIST_KEY_UIStatusBarStyle[sdk=iphonesimulator*]" = UIStatusBarStyleDefault;
				INFOPLIST_KEY_UISupportedInterfaceOrientations_iPad = "UIInterfaceOrientationPortrait UIInterfaceOrientationPortraitUpsideDown UIInterfaceOrientationLandscapeLeft UIInterfaceOrientationLandscapeRight";
				INFOPLIST_KEY_UISupportedInterfaceOrientations_iPhone = "UIInterfaceOrientationPortrait UIInterfaceOrientationLandscapeLeft UIInterfaceOrientationLandscapeRight";
				IPHONEOS_DEPLOYMENT_TARGET = 16.4;
				LD_RUNPATH_SEARCH_PATHS = "@executable_path/Frameworks";
				"LD_RUNPATH_SEARCH_PATHS[sdk=macosx*]" = "@executable_path/../Frameworks";
				MACOSX_DEPLOYMENT_TARGET = 13.2;
				MARKETING_VERSION = 1.0;
				PRODUCT_BUNDLE_IDENTIFIER = com.test.timer.Timer;
				PRODUCT_NAME = "$(TARGET_NAME)";
				SDKROOT = auto;
				SUPPORTED_PLATFORMS = "iphoneos iphonesimulator macosx";
				SWIFT_EMIT_LOC_STRINGS = YES;
				SWIFT_VERSION = 5.0;
				TARGETED_DEVICE_FAMILY = "1,2";
			};
			name = Debug;
		};
		423959852A1A1C8A00A70269 /* Release */ = {
			isa = XCBuildConfiguration;
			buildSettings = {
				ASSETCATALOG_COMPILER_APPICON_NAME = AppIcon;
				ASSETCATALOG_COMPILER_GLOBAL_ACCENT_COLOR_NAME = AccentColor;
				CODE_SIGN_ENTITLEMENTS = Timer/Timer.entitlements;
				CODE_SIGN_STYLE = Automatic;
				CURRENT_PROJECT_VERSION = 1;
				DEVELOPMENT_ASSET_PATHS = "\"Timer/Preview Content\"";
				ENABLE_PREVIEWS = YES;
				GENERATE_INFOPLIST_FILE = YES;
				"INFOPLIST_KEY_UIApplicationSceneManifest_Generation[sdk=iphoneos*]" = YES;
				"INFOPLIST_KEY_UIApplicationSceneManifest_Generation[sdk=iphonesimulator*]" = YES;
				"INFOPLIST_KEY_UIApplicationSupportsIndirectInputEvents[sdk=iphoneos*]" = YES;
				"INFOPLIST_KEY_UIApplicationSupportsIndirectInputEvents[sdk=iphonesimulator*]" = YES;
				"INFOPLIST_KEY_UILaunchScreen_Generation[sdk=iphoneos*]" = YES;
				"INFOPLIST_KEY_UILaunchScreen_Generation[sdk=iphonesimulator*]" = YES;
				"INFOPLIST_KEY_UIStatusBarStyle[sdk=iphoneos*]" = UIStatusBarStyleDefault;
				"INFOPLIST_KEY_UIStatusBarStyle[sdk=iphonesimulator*]" = UIStatusBarStyleDefault;
				INFOPLIST_KEY_UISupportedInterfaceOrientations_iPad = "UIInterfaceOrientationPortrait UIInterfaceOrientationPortraitUpsideDown UIInterfaceOrientationLandscapeLeft UIInterfaceOrientationLandscapeRight";
				INFOPLIST_KEY_UISupportedInterfaceOrientations_iPhone = "UIInterfaceOrientationPortrait UIInterfaceOrientationLandscapeLeft UIInterfaceOrientationLandscapeRight";
				IPHONEOS_DEPLOYMENT_TARGET = 16.4;
				LD_RUNPATH_SEARCH_PATHS = "@executable_path/Frameworks";
				"LD_RUNPATH_SEARCH_PATHS[sdk=macosx*]" = "@executable_path/../Frameworks";
				MACOSX_DEPLOYMENT_TARGET = 13.2;
				MARKETING_VERSION = 1.0;
				PRODUCT_BUNDLE_IDENTIFIER = com.test.timer.Timer;
				PRODUCT_NAME = "$(TARGET_NAME)";
				SDKROOT = auto;
				SUPPORTED_PLATFORMS = "iphoneos iphonesimulator macosx";
				SWIFT_EMIT_LOC_STRINGS = YES;
				SWIFT_VERSION = 5.0;
				TARGETED_DEVICE_FAMILY = "1,2";
			};
			name = Release;
		};
		423959872A1A1C8A00A70269 /* Debug */ = {
			isa = XCBuildConfiguration;
			buildSettings = {
				ALWAYS_EMBED_SWIFT_STANDARD_LIBRARIES = YES;
				BUNDLE_LOADER = "$(TEST_HOST)";
				CODE_SIGN_STYLE = Automatic;
				CURRENT_PROJECT_VERSION = 1;
				GENERATE_INFOPLIST_FILE = YES;
				IPHONEOS_DEPLOYMENT_TARGET = 16.4;
				MACOSX_DEPLOYMENT_TARGET = 13.2;
				MARKETING_VERSION = 1.0;
				PRODUCT_BUNDLE_IDENTIFIER = com.test.timer.TimerTests;
				PRODUCT_NAME = "$(TARGET_NAME)";
				SDKROOT = auto;
				SUPPORTED_PLATFORMS = "iphoneos iphonesimulator macosx";
				SWIFT_EMIT_LOC_STRINGS = NO;
				SWIFT_VERSION = 5.0;
				TARGETED_DEVICE_FAMILY = "1,2";
				TEST_HOST = "$(BUILT_PRODUCTS_DIR)/Timer.app/$(BUNDLE_EXECUTABLE_FOLDER_PATH)/Timer";
			};
			name = Debug;
		};
		423959882A1A1C8A00A70269 /* Release */ = {
			isa = XCBuildConfiguration;
			buildSettings = {
				ALWAYS_EMBED_SWIFT_STANDARD_LIBRARIES = YES;
				BUNDLE_LOADER = "$(TEST_HOST)";
				CODE_SIGN_STYLE = Automatic;
				CURRENT_PROJECT_VERSION = 1;
				GENERATE_INFOPLIST_FILE = YES;
				IPHONEOS_DEPLOYMENT_TARGET = 16.4;
				MACOSX_DEPLOYMENT_TARGET = 13.2;
				MARKETING_VERSION = 1.0;
				PRODUCT_BUNDLE_IDENTIFIER = com.test.timer.TimerTests;
				PRODUCT_NAME = "$(TARGET_NAME)";
				SDKROOT = auto;
				SUPPORTED_PLATFORMS = "iphoneos iphonesimulator macosx";
				SWIFT_EMIT_LOC_STRINGS = NO;
				SWIFT_VERSION = 5.0;
				TARGETED_DEVICE_FAMILY = "1,2";
				TEST_HOST = "$(BUILT_PRODUCTS_DIR)/Timer.app/$(BUNDLE_EXECUTABLE_FOLDER_PATH)/Timer";
			};
			name = Release;
		};
		4239598A2A1A1C8A00A70269 /* Debug */ = {
			isa = XCBuildConfiguration;
			buildSettings = {
				ALWAYS_EMBED_SWIFT_STANDARD_LIBRARIES = YES;
				CODE_SIGN_STYLE = Automatic;
				CURRENT_PROJECT_VERSION = 1;
				GENERATE_INFOPLIST_FILE = YES;
				IPHONEOS_DEPLOYMENT_TARGET = 16.4;
				MACOSX_DEPLOYMENT_TARGET = 13.2;
				MARKETING_VERSION = 1.0;
				PRODUCT_BUNDLE_IDENTIFIER = com.test.timer.TimerUITests;
				PRODUCT_NAME = "$(TARGET_NAME)";
				SDKROOT = auto;
				SUPPORTED_PLATFORMS = "iphoneos iphonesimulator macosx";
				SWIFT_EMIT_LOC_STRINGS = NO;
				SWIFT_VERSION = 5.0;
				TARGETED_DEVICE_FAMILY = "1,2";
				TEST_TARGET_NAME = Timer;
			};
			name = Debug;
		};
		4239598B2A1A1C8A00A70269 /* Release */ = {
			isa = XCBuildConfiguration;
			buildSettings = {
				ALWAYS_EMBED_SWIFT_STANDARD_LIBRARIES = YES;
				CODE_SIGN_STYLE = Automatic;
				CURRENT_PROJECT_VERSION = 1;
				GENERATE_INFOPLIST_FILE = YES;
				IPHONEOS_DEPLOYMENT_TARGET = 16.4;
				MACOSX_DEPLOYMENT_TARGET = 13.2;
				MARKETING_VERSION = 1.0;
				PRODUCT_BUNDLE_IDENTIFIER = com.test.timer.TimerUITests;
				PRODUCT_NAME = "$(TARGET_NAME)";
				SDKROOT = auto;
				SUPPORTED_PLATFORMS = "iphoneos iphonesimulator macosx";
				SWIFT_EMIT_LOC_STRINGS = NO;
				SWIFT_VERSION = 5.0;
				TARGETED_DEVICE_FAMILY = "1,2";
				TEST_TARGET_NAME = Timer;
			};
			name = Release;
		};
/* End XCBuildConfiguration section */

/* Begin XCConfigurationList section */
		423959592A1A1C8900A70269 /* Build configuration list for PBXProject "Timer" */ = {
			isa = XCConfigurationList;
			buildConfigurations = (
				423959812A1A1C8A00A70269 /* Debug */,
				423959822A1A1C8A00A70269 /* Release */,
			);
			defaultConfigurationIsVisible = 0;
			defaultConfigurationName = Release;
		};
		423959832A1A1C8A00A70269 /* Build configuration list for PBXNativeTarget "Timer" */ = {
			isa = XCConfigurationList;
			buildConfigurations = (
				423959842A1A1C8A00A70269 /* Debug */,
				423959852A1A1C8A00A70269 /* Release */,
			);
			defaultConfigurationIsVisible = 0;
			defaultConfigurationName = Release;
		};
		423959862A1A1C8A00A70269 /* Build configuration list for PBXNativeTarget "TimerTests" */ = {
			isa = XCConfigurationList;
			buildConfigurations = (
				423959872A1A1C8A00A70269 /* Debug */,
				423959882A1A1C8A00A70269 /* Release */,
			);
			defaultConfigurationIsVisible = 0;
			defaultConfigurationName = Release;
		};
		423959892A1A1C8A00A70269 /* Build configuration list for PBXNativeTarget "TimerUITests" */ = {
			isa = XCConfigurationList;
			buildConfigurations = (
				4239598A2A1A1C8A00A70269 /* Debug */,
				4239598B2A1A1C8A00A70269 /* Release */,
			);
			defaultConfigurationIsVisible = 0;
			defaultConfigurationName = Release;
		};
/* End XCConfigurationList section */
	};
	rootObject = 423959562A1A1C8900A70269 /* Project object */;
}
